// !$*UTF8*$!
{
	archiveVersion = 1;
	classes = {
	};
	objectVersion = 50;
	objects = {

/* Begin PBXBuildFile section */
		2A5DCCEDA0A76F34DA0E740A /* Pods_Schedulers.framework in Frameworks */ = {isa = PBXBuildFile; fileRef = DD7438829DE07724ED2465E8 /* Pods_Schedulers.framework */; };
		ED4252D0210A1FAF00B421D1 /* AppDelegate.swift in Sources */ = {isa = PBXBuildFile; fileRef = ED4252CF210A1FAF00B421D1 /* AppDelegate.swift */; };
		ED4252D2210A1FAF00B421D1 /* ViewController.swift in Sources */ = {isa = PBXBuildFile; fileRef = ED4252D1210A1FAF00B421D1 /* ViewController.swift */; };
		ED4252D5210A1FAF00B421D1 /* Main.storyboard in Resources */ = {isa = PBXBuildFile; fileRef = ED4252D3210A1FAF00B421D1 /* Main.storyboard */; };
		ED4252D7210A1FB100B421D1 /* Assets.xcassets in Resources */ = {isa = PBXBuildFile; fileRef = ED4252D6210A1FB100B421D1 /* Assets.xcassets */; };
		ED4252DA210A1FB100B421D1 /* LaunchScreen.storyboard in Resources */ = {isa = PBXBuildFile; fileRef = ED4252D8210A1FB100B421D1 /* LaunchScreen.storyboard */; };
		ED4252E5210A1FB100B421D1 /* SchedulersTests.swift in Sources */ = {isa = PBXBuildFile; fileRef = ED4252E4210A1FB100B421D1 /* SchedulersTests.swift */; };
		ED4252F0210A1FB100B421D1 /* SchedulersUITests.swift in Sources */ = {isa = PBXBuildFile; fileRef = ED4252EF210A1FB100B421D1 /* SchedulersUITests.swift */; };
/* End PBXBuildFile section */

/* Begin PBXContainerItemProxy section */
		ED4252E1210A1FB100B421D1 /* PBXContainerItemProxy */ = {
			isa = PBXContainerItemProxy;
			containerPortal = ED4252C4210A1FAF00B421D1 /* Project object */;
			proxyType = 1;
			remoteGlobalIDString = ED4252CB210A1FAF00B421D1;
			remoteInfo = Schedulers;
		};
		ED4252EC210A1FB100B421D1 /* PBXContainerItemProxy */ = {
			isa = PBXContainerItemProxy;
			containerPortal = ED4252C4210A1FAF00B421D1 /* Project object */;
			proxyType = 1;
			remoteGlobalIDString = ED4252CB210A1FAF00B421D1;
			remoteInfo = Schedulers;
		};
/* End PBXContainerItemProxy section */

/* Begin PBXFileReference section */
		A49CA4AB0D3A67D7099BCDF6 /* Pods-Schedulers.release.xcconfig */ = {isa = PBXFileReference; includeInIndex = 1; lastKnownFileType = text.xcconfig; name = "Pods-Schedulers.release.xcconfig"; path = "Pods/Target Support Files/Pods-Schedulers/Pods-Schedulers.release.xcconfig"; sourceTree = "<group>"; };
		DD7438829DE07724ED2465E8 /* Pods_Schedulers.framework */ = {isa = PBXFileReference; explicitFileType = wrapper.framework; includeInIndex = 0; path = Pods_Schedulers.framework; sourceTree = BUILT_PRODUCTS_DIR; };
		ED4252CC210A1FAF00B421D1 /* Schedulers.app */ = {isa = PBXFileReference; explicitFileType = wrapper.application; includeInIndex = 0; path = Schedulers.app; sourceTree = BUILT_PRODUCTS_DIR; };
		ED4252CF210A1FAF00B421D1 /* AppDelegate.swift */ = {isa = PBXFileReference; lastKnownFileType = sourcecode.swift; path = AppDelegate.swift; sourceTree = "<group>"; };
		ED4252D1210A1FAF00B421D1 /* ViewController.swift */ = {isa = PBXFileReference; lastKnownFileType = sourcecode.swift; path = ViewController.swift; sourceTree = "<group>"; };
		ED4252D4210A1FAF00B421D1 /* Base */ = {isa = PBXFileReference; lastKnownFileType = file.storyboard; name = Base; path = Base.lproj/Main.storyboard; sourceTree = "<group>"; };
		ED4252D6210A1FB100B421D1 /* Assets.xcassets */ = {isa = PBXFileReference; lastKnownFileType = folder.assetcatalog; path = Assets.xcassets; sourceTree = "<group>"; };
		ED4252D9210A1FB100B421D1 /* Base */ = {isa = PBXFileReference; lastKnownFileType = file.storyboard; name = Base; path = Base.lproj/LaunchScreen.storyboard; sourceTree = "<group>"; };
		ED4252DB210A1FB100B421D1 /* Info.plist */ = {isa = PBXFileReference; lastKnownFileType = text.plist.xml; path = Info.plist; sourceTree = "<group>"; };
		ED4252E0210A1FB100B421D1 /* SchedulersTests.xctest */ = {isa = PBXFileReference; explicitFileType = wrapper.cfbundle; includeInIndex = 0; path = SchedulersTests.xctest; sourceTree = BUILT_PRODUCTS_DIR; };
		ED4252E4210A1FB100B421D1 /* SchedulersTests.swift */ = {isa = PBXFileReference; lastKnownFileType = sourcecode.swift; path = SchedulersTests.swift; sourceTree = "<group>"; };
		ED4252E6210A1FB100B421D1 /* Info.plist */ = {isa = PBXFileReference; lastKnownFileType = text.plist.xml; path = Info.plist; sourceTree = "<group>"; };
		ED4252EB210A1FB100B421D1 /* SchedulersUITests.xctest */ = {isa = PBXFileReference; explicitFileType = wrapper.cfbundle; includeInIndex = 0; path = SchedulersUITests.xctest; sourceTree = BUILT_PRODUCTS_DIR; };
		ED4252EF210A1FB100B421D1 /* SchedulersUITests.swift */ = {isa = PBXFileReference; lastKnownFileType = sourcecode.swift; path = SchedulersUITests.swift; sourceTree = "<group>"; };
		ED4252F1210A1FB100B421D1 /* Info.plist */ = {isa = PBXFileReference; lastKnownFileType = text.plist.xml; path = Info.plist; sourceTree = "<group>"; };
		EF6F5CB37020B33423ADF36B /* Pods-Schedulers.debug.xcconfig */ = {isa = PBXFileReference; includeInIndex = 1; lastKnownFileType = text.xcconfig; name = "Pods-Schedulers.debug.xcconfig"; path = "Pods/Target Support Files/Pods-Schedulers/Pods-Schedulers.debug.xcconfig"; sourceTree = "<group>"; };
/* End PBXFileReference section */

/* Begin PBXFrameworksBuildPhase section */
		ED4252C9210A1FAF00B421D1 /* Frameworks */ = {
			isa = PBXFrameworksBuildPhase;
			buildActionMask = 2147483647;
			files = (
				2A5DCCEDA0A76F34DA0E740A /* Pods_Schedulers.framework in Frameworks */,
			);
			runOnlyForDeploymentPostprocessing = 0;
		};
		ED4252DD210A1FB100B421D1 /* Frameworks */ = {
			isa = PBXFrameworksBuildPhase;
			buildActionMask = 2147483647;
			files = (
			);
			runOnlyForDeploymentPostprocessing = 0;
		};
		ED4252E8210A1FB100B421D1 /* Frameworks */ = {
			isa = PBXFrameworksBuildPhase;
			buildActionMask = 2147483647;
			files = (
			);
			runOnlyForDeploymentPostprocessing = 0;
		};
/* End PBXFrameworksBuildPhase section */

/* Begin PBXGroup section */
		CDCAFAF2F5B17291DF7B455F /* Pods */ = {
			isa = PBXGroup;
			children = (
				EF6F5CB37020B33423ADF36B /* Pods-Schedulers.debug.xcconfig */,
				A49CA4AB0D3A67D7099BCDF6 /* Pods-Schedulers.release.xcconfig */,
			);
			name = Pods;
			sourceTree = "<group>";
		};
		DEE6BEF7F8722D561A22D1D1 /* Frameworks */ = {
			isa = PBXGroup;
			children = (
				DD7438829DE07724ED2465E8 /* Pods_Schedulers.framework */,
			);
			name = Frameworks;
			sourceTree = "<group>";
		};
		ED4252C3210A1FAF00B421D1 = {
			isa = PBXGroup;
			children = (
				ED4252CE210A1FAF00B421D1 /* Schedulers */,
				ED4252E3210A1FB100B421D1 /* SchedulersTests */,
				ED4252EE210A1FB100B421D1 /* SchedulersUITests */,
				ED4252CD210A1FAF00B421D1 /* Products */,
				CDCAFAF2F5B17291DF7B455F /* Pods */,
				DEE6BEF7F8722D561A22D1D1 /* Frameworks */,
			);
			sourceTree = "<group>";
		};
		ED4252CD210A1FAF00B421D1 /* Products */ = {
			isa = PBXGroup;
			children = (
				ED4252CC210A1FAF00B421D1 /* Schedulers.app */,
				ED4252E0210A1FB100B421D1 /* SchedulersTests.xctest */,
				ED4252EB210A1FB100B421D1 /* SchedulersUITests.xctest */,
			);
			name = Products;
			sourceTree = "<group>";
		};
		ED4252CE210A1FAF00B421D1 /* Schedulers */ = {
			isa = PBXGroup;
			children = (
				ED4252CF210A1FAF00B421D1 /* AppDelegate.swift */,
				ED4252D1210A1FAF00B421D1 /* ViewController.swift */,
				ED4252D3210A1FAF00B421D1 /* Main.storyboard */,
				ED4252D6210A1FB100B421D1 /* Assets.xcassets */,
				ED4252D8210A1FB100B421D1 /* LaunchScreen.storyboard */,
				ED4252DB210A1FB100B421D1 /* Info.plist */,
			);
			path = Schedulers;
			sourceTree = "<group>";
		};
		ED4252E3210A1FB100B421D1 /* SchedulersTests */ = {
			isa = PBXGroup;
			children = (
				ED4252E4210A1FB100B421D1 /* SchedulersTests.swift */,
				ED4252E6210A1FB100B421D1 /* Info.plist */,
			);
			path = SchedulersTests;
			sourceTree = "<group>";
		};
		ED4252EE210A1FB100B421D1 /* SchedulersUITests */ = {
			isa = PBXGroup;
			children = (
				ED4252EF210A1FB100B421D1 /* SchedulersUITests.swift */,
				ED4252F1210A1FB100B421D1 /* Info.plist */,
			);
			path = SchedulersUITests;
			sourceTree = "<group>";
		};
/* End PBXGroup section */

/* Begin PBXNativeTarget section */
		ED4252CB210A1FAF00B421D1 /* Schedulers */ = {
			isa = PBXNativeTarget;
			buildConfigurationList = ED4252F4210A1FB100B421D1 /* Build configuration list for PBXNativeTarget "Schedulers" */;
			buildPhases = (
				98F60A697EF31FAA2445C74A /* [CP] Check Pods Manifest.lock */,
				ED4252C8210A1FAF00B421D1 /* Sources */,
				ED4252C9210A1FAF00B421D1 /* Frameworks */,
				ED4252CA210A1FAF00B421D1 /* Resources */,
				ADA88FC30A9D5819D74B91AA /* [CP] Embed Pods Frameworks */,
			);
			buildRules = (
			);
			dependencies = (
			);
			name = Schedulers;
			productName = Schedulers;
			productReference = ED4252CC210A1FAF00B421D1 /* Schedulers.app */;
			productType = "com.apple.product-type.application";
		};
		ED4252DF210A1FB100B421D1 /* SchedulersTests */ = {
			isa = PBXNativeTarget;
			buildConfigurationList = ED4252F7210A1FB100B421D1 /* Build configuration list for PBXNativeTarget "SchedulersTests" */;
			buildPhases = (
				ED4252DC210A1FB100B421D1 /* Sources */,
				ED4252DD210A1FB100B421D1 /* Frameworks */,
				ED4252DE210A1FB100B421D1 /* Resources */,
			);
			buildRules = (
			);
			dependencies = (
				ED4252E2210A1FB100B421D1 /* PBXTargetDependency */,
			);
			name = SchedulersTests;
			productName = SchedulersTests;
			productReference = ED4252E0210A1FB100B421D1 /* SchedulersTests.xctest */;
			productType = "com.apple.product-type.bundle.unit-test";
		};
		ED4252EA210A1FB100B421D1 /* SchedulersUITests */ = {
			isa = PBXNativeTarget;
			buildConfigurationList = ED4252FA210A1FB100B421D1 /* Build configuration list for PBXNativeTarget "SchedulersUITests" */;
			buildPhases = (
				ED4252E7210A1FB100B421D1 /* Sources */,
				ED4252E8210A1FB100B421D1 /* Frameworks */,
				ED4252E9210A1FB100B421D1 /* Resources */,
			);
			buildRules = (
			);
			dependencies = (
				ED4252ED210A1FB100B421D1 /* PBXTargetDependency */,
			);
			name = SchedulersUITests;
			productName = SchedulersUITests;
			productReference = ED4252EB210A1FB100B421D1 /* SchedulersUITests.xctest */;
			productType = "com.apple.product-type.bundle.ui-testing";
		};
/* End PBXNativeTarget section */

/* Begin PBXProject section */
		ED4252C4210A1FAF00B421D1 /* Project object */ = {
			isa = PBXProject;
			attributes = {
				LastSwiftUpdateCheck = 0940;
				LastUpgradeCheck = 0940;
				ORGANIZATIONNAME = HalphDem;
				TargetAttributes = {
					ED4252CB210A1FAF00B421D1 = {
						CreatedOnToolsVersion = 9.4.1;
					};
					ED4252DF210A1FB100B421D1 = {
						CreatedOnToolsVersion = 9.4.1;
						TestTargetID = ED4252CB210A1FAF00B421D1;
					};
					ED4252EA210A1FB100B421D1 = {
						CreatedOnToolsVersion = 9.4.1;
						TestTargetID = ED4252CB210A1FAF00B421D1;
					};
				};
			};
			buildConfigurationList = ED4252C7210A1FAF00B421D1 /* Build configuration list for PBXProject "Schedulers" */;
			compatibilityVersion = "Xcode 9.3";
			developmentRegion = en;
			hasScannedForEncodings = 0;
			knownRegions = (
				en,
				Base,
			);
			mainGroup = ED4252C3210A1FAF00B421D1;
			productRefGroup = ED4252CD210A1FAF00B421D1 /* Products */;
			projectDirPath = "";
			projectRoot = "";
			targets = (
				ED4252CB210A1FAF00B421D1 /* Schedulers */,
				ED4252DF210A1FB100B421D1 /* SchedulersTests */,
				ED4252EA210A1FB100B421D1 /* SchedulersUITests */,
			);
		};
/* End PBXProject section */

/* Begin PBXResourcesBuildPhase section */
		ED4252CA210A1FAF00B421D1 /* Resources */ = {
			isa = PBXResourcesBuildPhase;
			buildActionMask = 2147483647;
			files = (
				ED4252DA210A1FB100B421D1 /* LaunchScreen.storyboard in Resources */,
				ED4252D7210A1FB100B421D1 /* Assets.xcassets in Resources */,
				ED4252D5210A1FAF00B421D1 /* Main.storyboard in Resources */,
			);
			runOnlyForDeploymentPostprocessing = 0;
		};
		ED4252DE210A1FB100B421D1 /* Resources */ = {
			isa = PBXResourcesBuildPhase;
			buildActionMask = 2147483647;
			files = (
			);
			runOnlyForDeploymentPostprocessing = 0;
		};
		ED4252E9210A1FB100B421D1 /* Resources */ = {
			isa = PBXResourcesBuildPhase;
			buildActionMask = 2147483647;
			files = (
			);
			runOnlyForDeploymentPostprocessing = 0;
		};
/* End PBXResourcesBuildPhase section */

/* Begin PBXShellScriptBuildPhase section */
		98F60A697EF31FAA2445C74A /* [CP] Check Pods Manifest.lock */ = {
			isa = PBXShellScriptBuildPhase;
			buildActionMask = 2147483647;
			files = (
			);
			inputPaths = (
				"${PODS_PODFILE_DIR_PATH}/Podfile.lock",
				"${PODS_ROOT}/Manifest.lock",
			);
			name = "[CP] Check Pods Manifest.lock";
			outputPaths = (
				"$(DERIVED_FILE_DIR)/Pods-Schedulers-checkManifestLockResult.txt",
			);
			runOnlyForDeploymentPostprocessing = 0;
			shellPath = /bin/sh;
			shellScript = "diff \"${PODS_PODFILE_DIR_PATH}/Podfile.lock\" \"${PODS_ROOT}/Manifest.lock\" > /dev/null\nif [ $? != 0 ] ; then\n    # print error to STDERR\n    echo \"error: The sandbox is not in sync with the Podfile.lock. Run 'pod install' or update your CocoaPods installation.\" >&2\n    exit 1\nfi\n# This output is used by Xcode 'outputs' to avoid re-running this script phase.\necho \"SUCCESS\" > \"${SCRIPT_OUTPUT_FILE_0}\"\n";
			showEnvVarsInLog = 0;
		};
		ADA88FC30A9D5819D74B91AA /* [CP] Embed Pods Frameworks */ = {
			isa = PBXShellScriptBuildPhase;
			buildActionMask = 2147483647;
			files = (
			);
			inputPaths = (
				"${SRCROOT}/Pods/Target Support Files/Pods-Schedulers/Pods-Schedulers-frameworks.sh",
				"${BUILT_PRODUCTS_DIR}/RxSwift/RxSwift.framework",
			);
			name = "[CP] Embed Pods Frameworks";
			outputPaths = (
				"${TARGET_BUILD_DIR}/${FRAMEWORKS_FOLDER_PATH}/RxSwift.framework",
			);
			runOnlyForDeploymentPostprocessing = 0;
			shellPath = /bin/sh;
			shellScript = "\"${SRCROOT}/Pods/Target Support Files/Pods-Schedulers/Pods-Schedulers-frameworks.sh\"\n";
			showEnvVarsInLog = 0;
		};
/* End PBXShellScriptBuildPhase section */

/* Begin PBXSourcesBuildPhase section */
		ED4252C8210A1FAF00B421D1 /* Sources */ = {
			isa = PBXSourcesBuildPhase;
			buildActionMask = 2147483647;
			files = (
				ED4252D2210A1FAF00B421D1 /* ViewController.swift in Sources */,
				ED4252D0210A1FAF00B421D1 /* AppDelegate.swift in Sources */,
			);
			runOnlyForDeploymentPostprocessing = 0;
		};
		ED4252DC210A1FB100B421D1 /* Sources */ = {
			isa = PBXSourcesBuildPhase;
			buildActionMask = 2147483647;
			files = (
				ED4252E5210A1FB100B421D1 /* SchedulersTests.swift in Sources */,
			);
			runOnlyForDeploymentPostprocessing = 0;
		};
		ED4252E7210A1FB100B421D1 /* Sources */ = {
			isa = PBXSourcesBuildPhase;
			buildActionMask = 2147483647;
			files = (
				ED4252F0210A1FB100B421D1 /* SchedulersUITests.swift in Sources */,
			);
			runOnlyForDeploymentPostprocessing = 0;
		};
/* End PBXSourcesBuildPhase section */

/* Begin PBXTargetDependency section */
		ED4252E2210A1FB100B421D1 /* PBXTargetDependency */ = {
			isa = PBXTargetDependency;
			target = ED4252CB210A1FAF00B421D1 /* Schedulers */;
			targetProxy = ED4252E1210A1FB100B421D1 /* PBXContainerItemProxy */;
		};
		ED4252ED210A1FB100B421D1 /* PBXTargetDependency */ = {
			isa = PBXTargetDependency;
			target = ED4252CB210A1FAF00B421D1 /* Schedulers */;
			targetProxy = ED4252EC210A1FB100B421D1 /* PBXContainerItemProxy */;
		};
/* End PBXTargetDependency section */

/* Begin PBXVariantGroup section */
		ED4252D3210A1FAF00B421D1 /* Main.storyboard */ = {
			isa = PBXVariantGroup;
			children = (
				ED4252D4210A1FAF00B421D1 /* Base */,
			);
			name = Main.storyboard;
			sourceTree = "<group>";
		};
		ED4252D8210A1FB100B421D1 /* LaunchScreen.storyboard */ = {
			isa = PBXVariantGroup;
			children = (
				ED4252D9210A1FB100B421D1 /* Base */,
			);
			name = LaunchScreen.storyboard;
			sourceTree = "<group>";
		};
/* End PBXVariantGroup section */

/* Begin XCBuildConfiguration section */
		ED4252F2210A1FB100B421D1 /* Debug */ = {
			isa = XCBuildConfiguration;
			buildSettings = {
				ALWAYS_SEARCH_USER_PATHS = NO;
				CLANG_ANALYZER_NONNULL = YES;
				CLANG_ANALYZER_NUMBER_OBJECT_CONVERSION = YES_AGGRESSIVE;
				CLANG_CXX_LANGUAGE_STANDARD = "gnu++14";
				CLANG_CXX_LIBRARY = "libc++";
				CLANG_ENABLE_MODULES = YES;
				CLANG_ENABLE_OBJC_ARC = YES;
				CLANG_ENABLE_OBJC_WEAK = YES;
				CLANG_WARN_BLOCK_CAPTURE_AUTORELEASING = YES;
				CLANG_WARN_BOOL_CONVERSION = YES;
				CLANG_WARN_COMMA = YES;
				CLANG_WARN_CONSTANT_CONVERSION = YES;
				CLANG_WARN_DEPRECATED_OBJC_IMPLEMENTATIONS = YES;
				CLANG_WARN_DIRECT_OBJC_ISA_USAGE = YES_ERROR;
				CLANG_WARN_DOCUMENTATION_COMMENTS = YES;
				CLANG_WARN_EMPTY_BODY = YES;
				CLANG_WARN_ENUM_CONVERSION = YES;
				CLANG_WARN_INFINITE_RECURSION = YES;
				CLANG_WARN_INT_CONVERSION = YES;
				CLANG_WARN_NON_LITERAL_NULL_CONVERSION = YES;
				CLANG_WARN_OBJC_IMPLICIT_RETAIN_SELF = YES;
				CLANG_WARN_OBJC_LITERAL_CONVERSION = YES;
				CLANG_WARN_OBJC_ROOT_CLASS = YES_ERROR;
				CLANG_WARN_RANGE_LOOP_ANALYSIS = YES;
				CLANG_WARN_STRICT_PROTOTYPES = YES;
				CLANG_WARN_SUSPICIOUS_MOVE = YES;
				CLANG_WARN_UNGUARDED_AVAILABILITY = YES_AGGRESSIVE;
				CLANG_WARN_UNREACHABLE_CODE = YES;
				CLANG_WARN__DUPLICATE_METHOD_MATCH = YES;
				CODE_SIGN_IDENTITY = "iPhone Developer";
				COPY_PHASE_STRIP = NO;
				DEBUG_INFORMATION_FORMAT = dwarf;
				ENABLE_STRICT_OBJC_MSGSEND = YES;
				ENABLE_TESTABILITY = YES;
				GCC_C_LANGUAGE_STANDARD = gnu11;
				GCC_DYNAMIC_NO_PIC = NO;
				GCC_NO_COMMON_BLOCKS = YES;
				GCC_OPTIMIZATION_LEVEL = 0;
				GCC_PREPROCESSOR_DEFINITIONS = (
					"DEBUG=1",
					"$(inherited)",
				);
				GCC_WARN_64_TO_32_BIT_CONVERSION = YES;
				GCC_WARN_ABOUT_RETURN_TYPE = YES_ERROR;
				GCC_WARN_UNDECLARED_SELECTOR = YES;
				GCC_WARN_UNINITIALIZED_AUTOS = YES_AGGRESSIVE;
				GCC_WARN_UNUSED_FUNCTION = YES;
				GCC_WARN_UNUSED_VARIABLE = YES;
				IPHONEOS_DEPLOYMENT_TARGET = 11.4;
				MTL_ENABLE_DEBUG_INFO = YES;
				ONLY_ACTIVE_ARCH = YES;
				SDKROOT = iphoneos;
				SWIFT_ACTIVE_COMPILATION_CONDITIONS = DEBUG;
				SWIFT_OPTIMIZATION_LEVEL = "-Onone";
			};
			name = Debug;
		};
		ED4252F3210A1FB100B421D1 /* Release */ = {
			isa = XCBuildConfiguration;
			buildSettings = {
				ALWAYS_SEARCH_USER_PATHS = NO;
				CLANG_ANALYZER_NONNULL = YES;
				CLANG_ANALYZER_NUMBER_OBJECT_CONVERSION = YES_AGGRESSIVE;
				CLANG_CXX_LANGUAGE_STANDARD = "gnu++14";
				CLANG_CXX_LIBRARY = "libc++";
				CLANG_ENABLE_MODULES = YES;
				CLANG_ENABLE_OBJC_ARC = YES;
				CLANG_ENABLE_OBJC_WEAK = YES;
				CLANG_WARN_BLOCK_CAPTURE_AUTORELEASING = YES;
				CLANG_WARN_BOOL_CONVERSION = YES;
				CLANG_WARN_COMMA = YES;
				CLANG_WARN_CONSTANT_CONVERSION = YES;
				CLANG_WARN_DEPRECATED_OBJC_IMPLEMENTATIONS = YES;
				CLANG_WARN_DIRECT_OBJC_ISA_USAGE = YES_ERROR;
				CLANG_WARN_DOCUMENTATION_COMMENTS = YES;
				CLANG_WARN_EMPTY_BODY = YES;
				CLANG_WARN_ENUM_CONVERSION = YES;
				CLANG_WARN_INFINITE_RECURSION = YES;
				CLANG_WARN_INT_CONVERSION = YES;
				CLANG_WARN_NON_LITERAL_NULL_CONVERSION = YES;
				CLANG_WARN_OBJC_IMPLICIT_RETAIN_SELF = YES;
				CLANG_WARN_OBJC_LITERAL_CONVERSION = YES;
				CLANG_WARN_OBJC_ROOT_CLASS = YES_ERROR;
				CLANG_WARN_RANGE_LOOP_ANALYSIS = YES;
				CLANG_WARN_STRICT_PROTOTYPES = YES;
				CLANG_WARN_SUSPICIOUS_MOVE = YES;
				CLANG_WARN_UNGUARDED_AVAILABILITY = YES_AGGRESSIVE;
				CLANG_WARN_UNREACHABLE_CODE = YES;
				CLANG_WARN__DUPLICATE_METHOD_MATCH = YES;
				CODE_SIGN_IDENTITY = "iPhone Developer";
				COPY_PHASE_STRIP = NO;
				DEBUG_INFORMATION_FORMAT = "dwarf-with-dsym";
				ENABLE_NS_ASSERTIONS = NO;
				ENABLE_STRICT_OBJC_MSGSEND = YES;
				GCC_C_LANGUAGE_STANDARD = gnu11;
				GCC_NO_COMMON_BLOCKS = YES;
				GCC_WARN_64_TO_32_BIT_CONVERSION = YES;
				GCC_WARN_ABOUT_RETURN_TYPE = YES_ERROR;
				GCC_WARN_UNDECLARED_SELECTOR = YES;
				GCC_WARN_UNINITIALIZED_AUTOS = YES_AGGRESSIVE;
				GCC_WARN_UNUSED_FUNCTION = YES;
				GCC_WARN_UNUSED_VARIABLE = YES;
				IPHONEOS_DEPLOYMENT_TARGET = 11.4;
				MTL_ENABLE_DEBUG_INFO = NO;
				SDKROOT = iphoneos;
				SWIFT_COMPILATION_MODE = wholemodule;
				SWIFT_OPTIMIZATION_LEVEL = "-O";
				VALIDATE_PRODUCT = YES;
			};
			name = Release;
		};
		ED4252F5210A1FB100B421D1 /* Debug */ = {
			isa = XCBuildConfiguration;
			baseConfigurationReference = EF6F5CB37020B33423ADF36B /* Pods-Schedulers.debug.xcconfig */;
			buildSettings = {
				ASSETCATALOG_COMPILER_APPICON_NAME = AppIcon;
				CODE_SIGN_STYLE = Automatic;
				DEVELOPMENT_TEAM = QVJSYWH4GV;
				INFOPLIST_FILE = Schedulers/Info.plist;
				LD_RUNPATH_SEARCH_PATHS = (
					"$(inherited)",
					"@executable_path/Frameworks",
				);
				PRODUCT_BUNDLE_IDENTIFIER = br.com.halphdem.Schedulers;
				PRODUCT_NAME = "$(TARGET_NAME)";
				SWIFT_VERSION = 4.0;
				TARGETED_DEVICE_FAMILY = "1,2";
			};
			name = Debug;
		};
		ED4252F6210A1FB100B421D1 /* Release */ = {
			isa = XCBuildConfiguration;
			baseConfigurationReference = A49CA4AB0D3A67D7099BCDF6 /* Pods-Schedulers.release.xcconfig */;
			buildSettings = {
				ASSETCATALOG_COMPILER_APPICON_NAME = AppIcon;
				CODE_SIGN_STYLE = Automatic;
				DEVELOPMENT_TEAM = QVJSYWH4GV;
				INFOPLIST_FILE = Schedulers/Info.plist;
				LD_RUNPATH_SEARCH_PATHS = (
					"$(inherited)",
					"@executable_path/Frameworks",
				);
				PRODUCT_BUNDLE_IDENTIFIER = br.com.halphdem.Schedulers;
				PRODUCT_NAME = "$(TARGET_NAME)";
				SWIFT_VERSION = 4.0;
				TARGETED_DEVICE_FAMILY = "1,2";
			};
			name = Release;
		};
		ED4252F8210A1FB100B421D1 /* Debug */ = {
			isa = XCBuildConfiguration;
			buildSettings = {
				ALWAYS_EMBED_SWIFT_STANDARD_LIBRARIES = YES;
				BUNDLE_LOADER = "$(TEST_HOST)";
				CODE_SIGN_STYLE = Automatic;
				DEVELOPMENT_TEAM = QVJSYWH4GV;
				INFOPLIST_FILE = SchedulersTests/Info.plist;
				LD_RUNPATH_SEARCH_PATHS = (
					"$(inherited)",
					"@executable_path/Frameworks",
					"@loader_path/Frameworks",
				);
				PRODUCT_BUNDLE_IDENTIFIER = br.com.halphdem.SchedulersTests;
				PRODUCT_NAME = "$(TARGET_NAME)";
				SWIFT_VERSION = 4.0;
				TARGETED_DEVICE_FAMILY = "1,2";
				TEST_HOST = "$(BUILT_PRODUCTS_DIR)/Schedulers.app/Schedulers";
			};
			name = Debug;
		};
		ED4252F9210A1FB100B421D1 /* Release */ = {
			isa = XCBuildConfiguration;
			buildSettings = {
				ALWAYS_EMBED_SWIFT_STANDARD_LIBRARIES = YES;
				BUNDLE_LOADER = "$(TEST_HOST)";
				CODE_SIGN_STYLE = Automatic;
				DEVELOPMENT_TEAM = QVJSYWH4GV;
				INFOPLIST_FILE = SchedulersTests/Info.plist;
				LD_RUNPATH_SEARCH_PATHS = (
					"$(inherited)",
					"@executable_path/Frameworks",
					"@loader_path/Frameworks",
				);
				PRODUCT_BUNDLE_IDENTIFIER = br.com.halphdem.SchedulersTests;
				PRODUCT_NAME = "$(TARGET_NAME)";
				SWIFT_VERSION = 4.0;
				TARGETED_DEVICE_FAMILY = "1,2";
				TEST_HOST = "$(BUILT_PRODUCTS_DIR)/Schedulers.app/Schedulers";
			};
			name = Release;
		};
		ED4252FB210A1FB100B421D1 /* Debug */ = {
			isa = XCBuildConfiguration;
			buildSettings = {
				ALWAYS_EMBED_SWIFT_STANDARD_LIBRARIES = YES;
				CODE_SIGN_STYLE = Automatic;
				DEVELOPMENT_TEAM = QVJSYWH4GV;
				INFOPLIST_FILE = SchedulersUITests/Info.plist;
				LD_RUNPATH_SEARCH_PATHS = (
					"$(inherited)",
					"@executable_path/Frameworks",
					"@loader_path/Frameworks",
				);
				PRODUCT_BUNDLE_IDENTIFIER = br.com.halphdem.SchedulersUITests;
				PRODUCT_NAME = "$(TARGET_NAME)";
				SWIFT_VERSION = 4.0;
				TARGETED_DEVICE_FAMILY = "1,2";
				TEST_TARGET_NAME = Schedulers;
			};
			name = Debug;
		};
		ED4252FC210A1FB100B421D1 /* Release */ = {
			isa = XCBuildConfiguration;
			buildSettings = {
				ALWAYS_EMBED_SWIFT_STANDARD_LIBRARIES = YES;
				CODE_SIGN_STYLE = Automatic;
				DEVELOPMENT_TEAM = QVJSYWH4GV;
				INFOPLIST_FILE = SchedulersUITests/Info.plist;
				LD_RUNPATH_SEARCH_PATHS = (
					"$(inherited)",
					"@executable_path/Frameworks",
					"@loader_path/Frameworks",
				);
				PRODUCT_BUNDLE_IDENTIFIER = br.com.halphdem.SchedulersUITests;
				PRODUCT_NAME = "$(TARGET_NAME)";
				SWIFT_VERSION = 4.0;
				TARGETED_DEVICE_FAMILY = "1,2";
				TEST_TARGET_NAME = Schedulers;
			};
			name = Release;
		};
/* End XCBuildConfiguration section */

/* Begin XCConfigurationList section */
		ED4252C7210A1FAF00B421D1 /* Build configuration list for PBXProject "Schedulers" */ = {
			isa = XCConfigurationList;
			buildConfigurations = (
				ED4252F2210A1FB100B421D1 /* Debug */,
				ED4252F3210A1FB100B421D1 /* Release */,
			);
			defaultConfigurationIsVisible = 0;
			defaultConfigurationName = Release;
		};
		ED4252F4210A1FB100B421D1 /* Build configuration list for PBXNativeTarget "Schedulers" */ = {
			isa = XCConfigurationList;
			buildConfigurations = (
				ED4252F5210A1FB100B421D1 /* Debug */,
				ED4252F6210A1FB100B421D1 /* Release */,
			);
			defaultConfigurationIsVisible = 0;
			defaultConfigurationName = Release;
		};
		ED4252F7210A1FB100B421D1 /* Build configuration list for PBXNativeTarget "SchedulersTests" */ = {
			isa = XCConfigurationList;
			buildConfigurations = (
				ED4252F8210A1FB100B421D1 /* Debug */,
				ED4252F9210A1FB100B421D1 /* Release */,
			);
			defaultConfigurationIsVisible = 0;
			defaultConfigurationName = Release;
		};
		ED4252FA210A1FB100B421D1 /* Build configuration list for PBXNativeTarget "SchedulersUITests" */ = {
			isa = XCConfigurationList;
			buildConfigurations = (
				ED4252FB210A1FB100B421D1 /* Debug */,
				ED4252FC210A1FB100B421D1 /* Release */,
			);
			defaultConfigurationIsVisible = 0;
			defaultConfigurationName = Release;
		};
/* End XCConfigurationList section */
	};
	rootObject = ED4252C4210A1FAF00B421D1 /* Project object */;
}
